PODS:
  - AFNetworking (3.1.0):
    - AFNetworking/NSURLSession (= 3.1.0)
    - AFNetworking/Reachability (= 3.1.0)
    - AFNetworking/Security (= 3.1.0)
    - AFNetworking/Serialization (= 3.1.0)
    - AFNetworking/UIKit (= 3.1.0)
  - AFNetworking/NSURLSession (3.1.0):
    - AFNetworking/Reachability
    - AFNetworking/Security
    - AFNetworking/Serialization
  - AFNetworking/Reachability (3.1.0)
  - AFNetworking/Security (3.1.0)
  - AFNetworking/Serialization (3.1.0)
  - AFNetworking/UIKit (3.1.0):
    - AFNetworking/NSURLSession
  - CDOAuth1Kit (0.9.25):
    - AFNetworking (~> 3.0)
  - CDYahooKit (0.9.22):
    - CDYahooKit/Core (= 0.9.22)
    - CDYahooKit/OAuth (= 0.9.22)
  - CDYahooKit/Core (0.9.22):
    - CDYahooKit/OAuth
    - Overcoat (~> 4.0.0-beta.2)
  - CDYahooKit/OAuth (0.9.22):
    - CDOAuth1Kit
  - Mantle (2.1.0):
    - Mantle/extobjc (= 2.1.0)
  - Mantle/extobjc (2.1.0)
  - Overcoat (4.0.0-beta.2):
    - AFNetworking/NSURLSession (~> 3.0)
    - AFNetworking/Serialization (~> 3.0)
    - Mantle (~> 2.0)

DEPENDENCIES:
  - CDYahooKit (from `../`)

EXTERNAL SOURCES:
  CDYahooKit:
    :path: "../"

SPEC CHECKSUMS:
  AFNetworking: 5e0e199f73d8626b11e79750991f5d173d1f8b67
  CDOAuth1Kit: 7e746831d6d5b4cee5ea06f28ee9870950a9ac90
  CDYahooKit: 16ce6a7d03bca3fed0a1e65420ef65bce3ba3f8f
  Mantle: 2fa750afa478cd625a94230fbf1c13462f29395b
  Overcoat: 2ddaa6d66edebc375f3e24a37974631d5aff7ebe

PODFILE CHECKSUM: db4386e27a16fcf0e2fd48a6d9b22a480fde17fa

COCOAPODS: 1.1.0
